
Microsoft Visual Studio Solution File, Format Version 12.00
# Visual Studio Version 17
VisualStudioVersion = 17.0.32112.339
MinimumVisualStudioVersion = 10.0.40219.1
Project("{FAE04EC0-301F-11D3-BF4B-00C04F79EFBC}") = "Modelo", "Modelo\Modelo.csproj", "{1C336F71-E222-44C9-B951-2F7B7F42F636}"
EndProject
Project("{FAE04EC0-301F-11D3-BF4B-00C04F79EFBC}") = "Consola", "Consola\Consola.csproj", "{5DC7E502-22D4-47C9-9272-8285C41BCF87}"
EndProject
Project("{FAE04EC0-301F-11D3-BF4B-00C04F79EFBC}") = "ModeloDB", "DBContext\ModeloDB.csproj", "{F09E767E-6C22-495B-BF9B-67648A497417}"
EndProject
Global
	GlobalSection(SolutionConfigurationPlatforms) = preSolution
		Debug|Any CPU = Debug|Any CPU
		Release|Any CPU = Release|Any CPU
	EndGlobalSection
	GlobalSection(ProjectConfigurationPlatforms) = postSolution
		{1C336F71-E222-44C9-B951-2F7B7F42F636}.Debug|Any CPU.ActiveCfg = Debug|Any CPU
		{1C336F71-E222-44C9-B951-2F7B7F42F636}.Debug|Any CPU.Build.0 = Debug|Any CPU
		{1C336F71-E222-44C9-B951-2F7B7F42F636}.Release|Any CPU.ActiveCfg = Release|Any CPU
		{1C336F71-E222-44C9-B951-2F7B7F42F636}.Release|Any CPU.Build.0 = Release|Any CPU
		{5DC7E502-22D4-47C9-9272-8285C41BCF87}.Debug|Any CPU.ActiveCfg = Debug|Any CPU
		{5DC7E502-22D4-47C9-9272-8285C41BCF87}.Debug|Any CPU.Build.0 = Debug|Any CPU
		{5DC7E502-22D4-47C9-9272-8285C41BCF87}.Release|Any CPU.ActiveCfg = Release|Any CPU
		{5DC7E502-22D4-47C9-9272-8285C41BCF87}.Release|Any CPU.Build.0 = Release|Any CPU
		{F09E767E-6C22-495B-BF9B-67648A497417}.Debug|Any CPU.ActiveCfg = Debug|Any CPU
		{F09E767E-6C22-495B-BF9B-67648A497417}.Debug|Any CPU.Build.0 = Debug|Any CPU
		{F09E767E-6C22-495B-BF9B-67648A497417}.Release|Any CPU.ActiveCfg = Release|Any CPU
		{F09E767E-6C22-495B-BF9B-67648A497417}.Release|Any CPU.Build.0 = Release|Any CPU
	EndGlobalSection
	GlobalSection(SolutionProperties) = preSolution
		HideSolutionNode = FALSE
	EndGlobalSection
	GlobalSection(ExtensibilityGlobals) = postSolution
		SolutionGuid = {33027C87-1C3A-465D-80B4-FE9648ADB6CC}
	EndGlobalSection
EndGlobal
